
Microsoft Visual Studio Solution File, Format Version 12.00
# Visual Studio 15
VisualStudioVersion = 15.0.26403.3
MinimumVisualStudioVersion = 10.0.40219.1
Project("{FAE04EC0-301F-11D3-BF4B-00C04F79EFBC}") = "Automation.UI", "Automation.Core\Automation.UI.csproj", "{B67CDC95-A82C-4EF2-8897-B57B88B6D3D0}"
EndProject
Project("{FAE04EC0-301F-11D3-BF4B-00C04F79EFBC}") = "Automation.Test", "Automation.Test\Automation.Test.csproj", "{D6A94854-1C4B-4A5D-AA4D-B3626B37B10A}"
EndProject
Global
	GlobalSection(SolutionConfigurationPlatforms) = preSolution
		Debug|Any CPU = Debug|Any CPU
		Release|Any CPU = Release|Any CPU
	EndGlobalSection
	GlobalSection(ProjectConfigurationPlatforms) = postSolution
		{B67CDC95-A82C-4EF2-8897-B57B88B6D3D0}.Debug|Any CPU.ActiveCfg = Debug|Any CPU
		{B67CDC95-A82C-4EF2-8897-B57B88B6D3D0}.Debug|Any CPU.Build.0 = Debug|Any CPU
		{B67CDC95-A82C-4EF2-8897-B57B88B6D3D0}.Release|Any CPU.ActiveCfg = Release|Any CPU
		{B67CDC95-A82C-4EF2-8897-B57B88B6D3D0}.Release|Any CPU.Build.0 = Release|Any CPU
		{D6A94854-1C4B-4A5D-AA4D-B3626B37B10A}.Debug|Any CPU.ActiveCfg = Debug|Any CPU
		{D6A94854-1C4B-4A5D-AA4D-B3626B37B10A}.Debug|Any CPU.Build.0 = Debug|Any CPU
		{D6A94854-1C4B-4A5D-AA4D-B3626B37B10A}.Release|Any CPU.ActiveCfg = Release|Any CPU
		{D6A94854-1C4B-4A5D-AA4D-B3626B37B10A}.Release|Any CPU.Build.0 = Release|Any CPU
	EndGlobalSection
	GlobalSection(SolutionProperties) = preSolution
		HideSolutionNode = FALSE
	EndGlobalSection
	GlobalSection(ExtensibilityGlobals) = postSolution
		SolutionGuid = {E180FB86-3CC1-4DDC-B48B-FE6B5251F091}
	EndGlobalSection
EndGlobal
