
Microsoft Visual Studio Solution File, Format Version 12.00
# Visual Studio Version 16
VisualStudioVersion = 16.0.31409.214
MinimumVisualStudioVersion = 10.0.40219.1
Project("{9A19103F-16F7-4668-BE54-9A1E7A4F7556}") = "BuildPipelineTest.WebApp.NetCore31", "src\CakeTest.WebApp.NetCore31\BuildPipelineTest.WebApp.NetCore31.csproj", "{D82B2FFD-9455-4A1F-BA24-5A5EBE39F477}"
EndProject
Project("{2150E333-8FDC-42A3-9474-1A3956D46DE8}") = "src", "src", "{F49084C6-38D9-46A0-A562-279072895D79}"
EndProject
Project("{FAE04EC0-301F-11D3-BF4B-00C04F79EFBC}") = "BuildPipelineTest.WebApp.NetFramework48", "src\CakeTest.WebApp.NetFramework48\BuildPipelineTest.WebApp.NetFramework48.csproj", "{F1C06D3F-68CA-4C94-BCE1-FA590725C17B}"
EndProject
Project("{2150E333-8FDC-42A3-9474-1A3956D46DE8}") = "Solution Items", "Solution Items", "{25B2E76B-E7A9-439E-9BC7-7B7B8EB1AD4A}"
	ProjectSection(SolutionItems) = preProject
		.gitignore = .gitignore
	EndProjectSection
EndProject
Global
	GlobalSection(SolutionConfigurationPlatforms) = preSolution
		Debug|Any CPU = Debug|Any CPU
		Release|Any CPU = Release|Any CPU
	EndGlobalSection
	GlobalSection(ProjectConfigurationPlatforms) = postSolution
		{D82B2FFD-9455-4A1F-BA24-5A5EBE39F477}.Debug|Any CPU.ActiveCfg = Debug|Any CPU
		{D82B2FFD-9455-4A1F-BA24-5A5EBE39F477}.Debug|Any CPU.Build.0 = Debug|Any CPU
		{D82B2FFD-9455-4A1F-BA24-5A5EBE39F477}.Release|Any CPU.ActiveCfg = Release|Any CPU
		{D82B2FFD-9455-4A1F-BA24-5A5EBE39F477}.Release|Any CPU.Build.0 = Release|Any CPU
		{F1C06D3F-68CA-4C94-BCE1-FA590725C17B}.Debug|Any CPU.ActiveCfg = Debug|Any CPU
		{F1C06D3F-68CA-4C94-BCE1-FA590725C17B}.Debug|Any CPU.Build.0 = Debug|Any CPU
		{F1C06D3F-68CA-4C94-BCE1-FA590725C17B}.Release|Any CPU.ActiveCfg = Release|Any CPU
		{F1C06D3F-68CA-4C94-BCE1-FA590725C17B}.Release|Any CPU.Build.0 = Release|Any CPU
	EndGlobalSection
	GlobalSection(SolutionProperties) = preSolution
		HideSolutionNode = FALSE
	EndGlobalSection
	GlobalSection(NestedProjects) = preSolution
		{D82B2FFD-9455-4A1F-BA24-5A5EBE39F477} = {F49084C6-38D9-46A0-A562-279072895D79}
		{F1C06D3F-68CA-4C94-BCE1-FA590725C17B} = {F49084C6-38D9-46A0-A562-279072895D79}
	EndGlobalSection
	GlobalSection(ExtensibilityGlobals) = postSolution
		SolutionGuid = {BFD115A8-610C-4E73-93A8-800FF1FE3967}
	EndGlobalSection
EndGlobal
