
Microsoft Visual Studio Solution File, Format Version 12.00
# Visual Studio Version 16
VisualStudioVersion = 16.0.30114.105
MinimumVisualStudioVersion = 10.0.40219.1
Project("{2150E333-8FDC-42A3-9474-1A3956D46DE8}") = "src", "src", "{54F8C5C3-DA77-4A7C-B5CF-6586AF3A3D9F}"
EndProject
Project("{2150E333-8FDC-42A3-9474-1A3956D46DE8}") = "test", "test", "{718E6441-7596-4FD5-9B36-A553D9722418}"
EndProject
Project("{9A19103F-16F7-4668-BE54-9A1E7A4F7556}") = "IntegrationConnectors.AzDevOps", "src\IntegrationConnectors.AzDevOps\IntegrationConnectors.AzDevOps.csproj", "{FBDA8C7A-2BC9-43DB-9B5B-88CE27C0DA3A}"
EndProject
Project("{9A19103F-16F7-4668-BE54-9A1E7A4F7556}") = "IntegrationConnectors.Common", "src\IntegrationConnectors.Common\IntegrationConnectors.Common.csproj", "{E6C633ED-5EC1-47B6-B657-15B4B70E5012}"
EndProject
Project("{9A19103F-16F7-4668-BE54-9A1E7A4F7556}") = "IntegrationConnectors.Confluence", "src\IntegrationConnectors.Confluence\IntegrationConnectors.Confluence.csproj", "{1A01C925-E927-455D-9356-7A9FD432BFED}"
EndProject
Project("{9A19103F-16F7-4668-BE54-9A1E7A4F7556}") = "IntegrationConnectors.Fortify", "src\IntegrationConnectors.Fortify\IntegrationConnectors.Fortify.csproj", "{D117EFFB-3FB2-43FD-A3DE-9FD6D34F2DF4}"
EndProject
Project("{9A19103F-16F7-4668-BE54-9A1E7A4F7556}") = "IntegrationConnectors.Pocket", "src\IntegrationConnectors.Pocket\IntegrationConnectors.Pocket.csproj", "{B34596CE-3E8C-40B4-A58D-ACA15619FF30}"
EndProject
Project("{9A19103F-16F7-4668-BE54-9A1E7A4F7556}") = "IntegrationConnectors.Proget", "src\IntegrationConnectors.Proget\IntegrationConnectors.Proget.csproj", "{1C9034AA-CEB6-45B8-8752-4E5689D59106}"
EndProject
Project("{9A19103F-16F7-4668-BE54-9A1E7A4F7556}") = "IntegrationConnectors.SonaType", "src\IntegrationConnectors.SonaType\IntegrationConnectors.SonaType.csproj", "{BA3806D1-DF91-45F3-B589-D32389317428}"
EndProject
Project("{9A19103F-16F7-4668-BE54-9A1E7A4F7556}") = "IntegrationConnectors.VersionOne", "src\IntegrationConnectors.VersionOne\IntegrationConnectors.VersionOne.csproj", "{B998AAD0-8AFE-4CBA-B748-BBD9640124A0}"
EndProject
Project("{9A19103F-16F7-4668-BE54-9A1E7A4F7556}") = "IntegrationConnectors.Exchange", "src\IntegrationConnectors.Exchange\IntegrationConnectors.Exchange.csproj", "{BFAAF1E3-FF30-4136-A21F-E11217D0AFC8}"
EndProject
Project("{9A19103F-16F7-4668-BE54-9A1E7A4F7556}") = "IntegrationConnectors.Octopus", "src\IntegrationConnectors.Octopus\IntegrationConnectors.Octopus.csproj", "{00399C73-364A-4CD5-B220-EF22E7865B7A}"
EndProject
Project("{9A19103F-16F7-4668-BE54-9A1E7A4F7556}") = "IntegrationConnectors.EuropeanCentralBank", "src\IntegrationConnectors.EuropeanCentralBank\IntegrationConnectors.EuropeanCentralBank.csproj", "{667D9ACC-FF53-402C-A236-AABADAF678E2}"
EndProject
Project("{9A19103F-16F7-4668-BE54-9A1E7A4F7556}") = "IntegrationConnectors.Test", "test\IntegrationConnectors.Test\IntegrationConnectors.Test.csproj", "{F8C32CB7-4581-4D8B-91F3-528DEE113C62}"
EndProject
Project("{9A19103F-16F7-4668-BE54-9A1E7A4F7556}") = "IntegrationConnectors.Twilio", "src\IntegrationConnectors.Twilio\IntegrationConnectors.Twilio.csproj", "{78958579-74D1-4215-B124-1C9AD018C773}"
EndProject
Project("{9A19103F-16F7-4668-BE54-9A1E7A4F7556}") = "IntegrationConnectors.SendGrid", "src\IntegrationConnectors.SendGrid\IntegrationConnectors.SendGrid.csproj", "{0A98A605-1A37-439E-8B74-B55997840D09}"
EndProject
Global
	GlobalSection(SolutionConfigurationPlatforms) = preSolution
		Debug|Any CPU = Debug|Any CPU
		Debug|x86 = Debug|x86
		Release|Any CPU = Release|Any CPU
		Release|x86 = Release|x86
	EndGlobalSection
	GlobalSection(ProjectConfigurationPlatforms) = postSolution
		{FBDA8C7A-2BC9-43DB-9B5B-88CE27C0DA3A}.Debug|Any CPU.ActiveCfg = Debug|Any CPU
		{FBDA8C7A-2BC9-43DB-9B5B-88CE27C0DA3A}.Debug|Any CPU.Build.0 = Debug|Any CPU
		{FBDA8C7A-2BC9-43DB-9B5B-88CE27C0DA3A}.Debug|x86.ActiveCfg = Debug|Any CPU
		{FBDA8C7A-2BC9-43DB-9B5B-88CE27C0DA3A}.Debug|x86.Build.0 = Debug|Any CPU
		{FBDA8C7A-2BC9-43DB-9B5B-88CE27C0DA3A}.Release|Any CPU.ActiveCfg = Release|Any CPU
		{FBDA8C7A-2BC9-43DB-9B5B-88CE27C0DA3A}.Release|Any CPU.Build.0 = Release|Any CPU
		{FBDA8C7A-2BC9-43DB-9B5B-88CE27C0DA3A}.Release|x86.ActiveCfg = Release|Any CPU
		{FBDA8C7A-2BC9-43DB-9B5B-88CE27C0DA3A}.Release|x86.Build.0 = Release|Any CPU
		{E6C633ED-5EC1-47B6-B657-15B4B70E5012}.Debug|Any CPU.ActiveCfg = Debug|Any CPU
		{E6C633ED-5EC1-47B6-B657-15B4B70E5012}.Debug|Any CPU.Build.0 = Debug|Any CPU
		{E6C633ED-5EC1-47B6-B657-15B4B70E5012}.Debug|x86.ActiveCfg = Debug|Any CPU
		{E6C633ED-5EC1-47B6-B657-15B4B70E5012}.Debug|x86.Build.0 = Debug|Any CPU
		{E6C633ED-5EC1-47B6-B657-15B4B70E5012}.Release|Any CPU.ActiveCfg = Release|Any CPU
		{E6C633ED-5EC1-47B6-B657-15B4B70E5012}.Release|Any CPU.Build.0 = Release|Any CPU
		{E6C633ED-5EC1-47B6-B657-15B4B70E5012}.Release|x86.ActiveCfg = Release|Any CPU
		{E6C633ED-5EC1-47B6-B657-15B4B70E5012}.Release|x86.Build.0 = Release|Any CPU
		{1A01C925-E927-455D-9356-7A9FD432BFED}.Debug|Any CPU.ActiveCfg = Debug|Any CPU
		{1A01C925-E927-455D-9356-7A9FD432BFED}.Debug|Any CPU.Build.0 = Debug|Any CPU
		{1A01C925-E927-455D-9356-7A9FD432BFED}.Debug|x86.ActiveCfg = Debug|Any CPU
		{1A01C925-E927-455D-9356-7A9FD432BFED}.Debug|x86.Build.0 = Debug|Any CPU
		{1A01C925-E927-455D-9356-7A9FD432BFED}.Release|Any CPU.ActiveCfg = Release|Any CPU
		{1A01C925-E927-455D-9356-7A9FD432BFED}.Release|Any CPU.Build.0 = Release|Any CPU
		{1A01C925-E927-455D-9356-7A9FD432BFED}.Release|x86.ActiveCfg = Release|Any CPU
		{1A01C925-E927-455D-9356-7A9FD432BFED}.Release|x86.Build.0 = Release|Any CPU
		{D117EFFB-3FB2-43FD-A3DE-9FD6D34F2DF4}.Debug|Any CPU.ActiveCfg = Debug|Any CPU
		{D117EFFB-3FB2-43FD-A3DE-9FD6D34F2DF4}.Debug|Any CPU.Build.0 = Debug|Any CPU
		{D117EFFB-3FB2-43FD-A3DE-9FD6D34F2DF4}.Debug|x86.ActiveCfg = Debug|Any CPU
		{D117EFFB-3FB2-43FD-A3DE-9FD6D34F2DF4}.Debug|x86.Build.0 = Debug|Any CPU
		{D117EFFB-3FB2-43FD-A3DE-9FD6D34F2DF4}.Release|Any CPU.ActiveCfg = Release|Any CPU
		{D117EFFB-3FB2-43FD-A3DE-9FD6D34F2DF4}.Release|Any CPU.Build.0 = Release|Any CPU
		{D117EFFB-3FB2-43FD-A3DE-9FD6D34F2DF4}.Release|x86.ActiveCfg = Release|Any CPU
		{D117EFFB-3FB2-43FD-A3DE-9FD6D34F2DF4}.Release|x86.Build.0 = Release|Any CPU
		{B34596CE-3E8C-40B4-A58D-ACA15619FF30}.Debug|Any CPU.ActiveCfg = Debug|Any CPU
		{B34596CE-3E8C-40B4-A58D-ACA15619FF30}.Debug|Any CPU.Build.0 = Debug|Any CPU
		{B34596CE-3E8C-40B4-A58D-ACA15619FF30}.Debug|x86.ActiveCfg = Debug|Any CPU
		{B34596CE-3E8C-40B4-A58D-ACA15619FF30}.Debug|x86.Build.0 = Debug|Any CPU
		{B34596CE-3E8C-40B4-A58D-ACA15619FF30}.Release|Any CPU.ActiveCfg = Release|Any CPU
		{B34596CE-3E8C-40B4-A58D-ACA15619FF30}.Release|Any CPU.Build.0 = Release|Any CPU
		{B34596CE-3E8C-40B4-A58D-ACA15619FF30}.Release|x86.ActiveCfg = Release|Any CPU
		{B34596CE-3E8C-40B4-A58D-ACA15619FF30}.Release|x86.Build.0 = Release|Any CPU
		{1C9034AA-CEB6-45B8-8752-4E5689D59106}.Debug|Any CPU.ActiveCfg = Debug|Any CPU
		{1C9034AA-CEB6-45B8-8752-4E5689D59106}.Debug|Any CPU.Build.0 = Debug|Any CPU
		{1C9034AA-CEB6-45B8-8752-4E5689D59106}.Debug|x86.ActiveCfg = Debug|Any CPU
		{1C9034AA-CEB6-45B8-8752-4E5689D59106}.Debug|x86.Build.0 = Debug|Any CPU
		{1C9034AA-CEB6-45B8-8752-4E5689D59106}.Release|Any CPU.ActiveCfg = Release|Any CPU
		{1C9034AA-CEB6-45B8-8752-4E5689D59106}.Release|Any CPU.Build.0 = Release|Any CPU
		{1C9034AA-CEB6-45B8-8752-4E5689D59106}.Release|x86.ActiveCfg = Release|Any CPU
		{1C9034AA-CEB6-45B8-8752-4E5689D59106}.Release|x86.Build.0 = Release|Any CPU
		{BA3806D1-DF91-45F3-B589-D32389317428}.Debug|Any CPU.ActiveCfg = Debug|Any CPU
		{BA3806D1-DF91-45F3-B589-D32389317428}.Debug|Any CPU.Build.0 = Debug|Any CPU
		{BA3806D1-DF91-45F3-B589-D32389317428}.Debug|x86.ActiveCfg = Debug|Any CPU
		{BA3806D1-DF91-45F3-B589-D32389317428}.Debug|x86.Build.0 = Debug|Any CPU
		{BA3806D1-DF91-45F3-B589-D32389317428}.Release|Any CPU.ActiveCfg = Release|Any CPU
		{BA3806D1-DF91-45F3-B589-D32389317428}.Release|Any CPU.Build.0 = Release|Any CPU
		{BA3806D1-DF91-45F3-B589-D32389317428}.Release|x86.ActiveCfg = Release|Any CPU
		{BA3806D1-DF91-45F3-B589-D32389317428}.Release|x86.Build.0 = Release|Any CPU
		{B998AAD0-8AFE-4CBA-B748-BBD9640124A0}.Debug|Any CPU.ActiveCfg = Debug|Any CPU
		{B998AAD0-8AFE-4CBA-B748-BBD9640124A0}.Debug|Any CPU.Build.0 = Debug|Any CPU
		{B998AAD0-8AFE-4CBA-B748-BBD9640124A0}.Debug|x86.ActiveCfg = Debug|Any CPU
		{B998AAD0-8AFE-4CBA-B748-BBD9640124A0}.Debug|x86.Build.0 = Debug|Any CPU
		{B998AAD0-8AFE-4CBA-B748-BBD9640124A0}.Release|Any CPU.ActiveCfg = Release|Any CPU
		{B998AAD0-8AFE-4CBA-B748-BBD9640124A0}.Release|Any CPU.Build.0 = Release|Any CPU
		{B998AAD0-8AFE-4CBA-B748-BBD9640124A0}.Release|x86.ActiveCfg = Release|Any CPU
		{B998AAD0-8AFE-4CBA-B748-BBD9640124A0}.Release|x86.Build.0 = Release|Any CPU
		{BFAAF1E3-FF30-4136-A21F-E11217D0AFC8}.Debug|Any CPU.ActiveCfg = Debug|Any CPU
		{BFAAF1E3-FF30-4136-A21F-E11217D0AFC8}.Debug|Any CPU.Build.0 = Debug|Any CPU
		{BFAAF1E3-FF30-4136-A21F-E11217D0AFC8}.Debug|x86.ActiveCfg = Debug|Any CPU
		{BFAAF1E3-FF30-4136-A21F-E11217D0AFC8}.Debug|x86.Build.0 = Debug|Any CPU
		{BFAAF1E3-FF30-4136-A21F-E11217D0AFC8}.Release|Any CPU.ActiveCfg = Release|Any CPU
		{BFAAF1E3-FF30-4136-A21F-E11217D0AFC8}.Release|Any CPU.Build.0 = Release|Any CPU
		{BFAAF1E3-FF30-4136-A21F-E11217D0AFC8}.Release|x86.ActiveCfg = Release|Any CPU
		{BFAAF1E3-FF30-4136-A21F-E11217D0AFC8}.Release|x86.Build.0 = Release|Any CPU
		{00399C73-364A-4CD5-B220-EF22E7865B7A}.Debug|Any CPU.ActiveCfg = Debug|Any CPU
		{00399C73-364A-4CD5-B220-EF22E7865B7A}.Debug|Any CPU.Build.0 = Debug|Any CPU
		{00399C73-364A-4CD5-B220-EF22E7865B7A}.Debug|x86.ActiveCfg = Debug|Any CPU
		{00399C73-364A-4CD5-B220-EF22E7865B7A}.Debug|x86.Build.0 = Debug|Any CPU
		{00399C73-364A-4CD5-B220-EF22E7865B7A}.Release|Any CPU.ActiveCfg = Release|Any CPU
		{00399C73-364A-4CD5-B220-EF22E7865B7A}.Release|Any CPU.Build.0 = Release|Any CPU
		{00399C73-364A-4CD5-B220-EF22E7865B7A}.Release|x86.ActiveCfg = Release|Any CPU
		{00399C73-364A-4CD5-B220-EF22E7865B7A}.Release|x86.Build.0 = Release|Any CPU
		{667D9ACC-FF53-402C-A236-AABADAF678E2}.Debug|Any CPU.ActiveCfg = Debug|Any CPU
		{667D9ACC-FF53-402C-A236-AABADAF678E2}.Debug|Any CPU.Build.0 = Debug|Any CPU
		{667D9ACC-FF53-402C-A236-AABADAF678E2}.Debug|x86.ActiveCfg = Debug|Any CPU
		{667D9ACC-FF53-402C-A236-AABADAF678E2}.Debug|x86.Build.0 = Debug|Any CPU
		{667D9ACC-FF53-402C-A236-AABADAF678E2}.Release|Any CPU.ActiveCfg = Release|Any CPU
		{667D9ACC-FF53-402C-A236-AABADAF678E2}.Release|Any CPU.Build.0 = Release|Any CPU
		{667D9ACC-FF53-402C-A236-AABADAF678E2}.Release|x86.ActiveCfg = Release|Any CPU
		{667D9ACC-FF53-402C-A236-AABADAF678E2}.Release|x86.Build.0 = Release|Any CPU
		{F8C32CB7-4581-4D8B-91F3-528DEE113C62}.Debug|Any CPU.ActiveCfg = Debug|Any CPU
		{F8C32CB7-4581-4D8B-91F3-528DEE113C62}.Debug|Any CPU.Build.0 = Debug|Any CPU
		{F8C32CB7-4581-4D8B-91F3-528DEE113C62}.Debug|x86.ActiveCfg = Debug|Any CPU
		{F8C32CB7-4581-4D8B-91F3-528DEE113C62}.Debug|x86.Build.0 = Debug|Any CPU
		{F8C32CB7-4581-4D8B-91F3-528DEE113C62}.Release|Any CPU.ActiveCfg = Release|Any CPU
		{F8C32CB7-4581-4D8B-91F3-528DEE113C62}.Release|Any CPU.Build.0 = Release|Any CPU
		{F8C32CB7-4581-4D8B-91F3-528DEE113C62}.Release|x86.ActiveCfg = Release|Any CPU
		{F8C32CB7-4581-4D8B-91F3-528DEE113C62}.Release|x86.Build.0 = Release|Any CPU
		{78958579-74D1-4215-B124-1C9AD018C773}.Debug|Any CPU.ActiveCfg = Debug|Any CPU
		{78958579-74D1-4215-B124-1C9AD018C773}.Debug|Any CPU.Build.0 = Debug|Any CPU
		{78958579-74D1-4215-B124-1C9AD018C773}.Debug|x86.ActiveCfg = Debug|Any CPU
		{78958579-74D1-4215-B124-1C9AD018C773}.Debug|x86.Build.0 = Debug|Any CPU
		{78958579-74D1-4215-B124-1C9AD018C773}.Release|Any CPU.ActiveCfg = Release|Any CPU
		{78958579-74D1-4215-B124-1C9AD018C773}.Release|Any CPU.Build.0 = Release|Any CPU
		{78958579-74D1-4215-B124-1C9AD018C773}.Release|x86.ActiveCfg = Release|Any CPU
		{78958579-74D1-4215-B124-1C9AD018C773}.Release|x86.Build.0 = Release|Any CPU
		{0A98A605-1A37-439E-8B74-B55997840D09}.Debug|Any CPU.ActiveCfg = Debug|Any CPU
		{0A98A605-1A37-439E-8B74-B55997840D09}.Debug|Any CPU.Build.0 = Debug|Any CPU
		{0A98A605-1A37-439E-8B74-B55997840D09}.Debug|x86.ActiveCfg = Debug|Any CPU
		{0A98A605-1A37-439E-8B74-B55997840D09}.Debug|x86.Build.0 = Debug|Any CPU
		{0A98A605-1A37-439E-8B74-B55997840D09}.Release|Any CPU.ActiveCfg = Release|Any CPU
		{0A98A605-1A37-439E-8B74-B55997840D09}.Release|Any CPU.Build.0 = Release|Any CPU
		{0A98A605-1A37-439E-8B74-B55997840D09}.Release|x86.ActiveCfg = Release|Any CPU
		{0A98A605-1A37-439E-8B74-B55997840D09}.Release|x86.Build.0 = Release|Any CPU
	EndGlobalSection
	GlobalSection(SolutionProperties) = preSolution
		HideSolutionNode = FALSE
	EndGlobalSection
	GlobalSection(NestedProjects) = preSolution
		{FBDA8C7A-2BC9-43DB-9B5B-88CE27C0DA3A} = {54F8C5C3-DA77-4A7C-B5CF-6586AF3A3D9F}
		{E6C633ED-5EC1-47B6-B657-15B4B70E5012} = {54F8C5C3-DA77-4A7C-B5CF-6586AF3A3D9F}
		{1A01C925-E927-455D-9356-7A9FD432BFED} = {54F8C5C3-DA77-4A7C-B5CF-6586AF3A3D9F}
		{D117EFFB-3FB2-43FD-A3DE-9FD6D34F2DF4} = {54F8C5C3-DA77-4A7C-B5CF-6586AF3A3D9F}
		{B34596CE-3E8C-40B4-A58D-ACA15619FF30} = {54F8C5C3-DA77-4A7C-B5CF-6586AF3A3D9F}
		{1C9034AA-CEB6-45B8-8752-4E5689D59106} = {54F8C5C3-DA77-4A7C-B5CF-6586AF3A3D9F}
		{BA3806D1-DF91-45F3-B589-D32389317428} = {54F8C5C3-DA77-4A7C-B5CF-6586AF3A3D9F}
		{B998AAD0-8AFE-4CBA-B748-BBD9640124A0} = {54F8C5C3-DA77-4A7C-B5CF-6586AF3A3D9F}
		{BFAAF1E3-FF30-4136-A21F-E11217D0AFC8} = {54F8C5C3-DA77-4A7C-B5CF-6586AF3A3D9F}
		{00399C73-364A-4CD5-B220-EF22E7865B7A} = {54F8C5C3-DA77-4A7C-B5CF-6586AF3A3D9F}
		{667D9ACC-FF53-402C-A236-AABADAF678E2} = {54F8C5C3-DA77-4A7C-B5CF-6586AF3A3D9F}
		{F8C32CB7-4581-4D8B-91F3-528DEE113C62} = {718E6441-7596-4FD5-9B36-A553D9722418}
		{78958579-74D1-4215-B124-1C9AD018C773} = {54F8C5C3-DA77-4A7C-B5CF-6586AF3A3D9F}
		{0A98A605-1A37-439E-8B74-B55997840D09} = {54F8C5C3-DA77-4A7C-B5CF-6586AF3A3D9F}
	EndGlobalSection
	GlobalSection(ExtensibilityGlobals) = postSolution
		SolutionGuid = {2F2044FB-EFF6-49A0-B157-BED6AA66BF0E}
	EndGlobalSection
EndGlobal
