
Microsoft Visual Studio Solution File, Format Version 12.00
# Visual Studio Version 16
VisualStudioVersion = 16.0.29009.5
MinimumVisualStudioVersion = 10.0.40219.1
Project("{9A19103F-16F7-4668-BE54-9A1E7A4F7556}") = "TeamAlignment.Common", "src\TeamAlignment.Common\TeamAlignment.Common.csproj", "{9AB7BB4B-C24D-46E1-8198-4E3264482E5C}"
EndProject
Project("{00D1A9C2-B5F0-4AF3-8072-F6C62B433612}") = "TeamAlignment.Database", "src\TeamAlignment.Database\TeamAlignment.Database.sqlproj", "{BC8F493C-452E-4039-AEA2-5BD15C3FC8A5}"
EndProject
Project("{9A19103F-16F7-4668-BE54-9A1E7A4F7556}") = "TeamAlignment.Model", "src\TeamAlignment.Model\TeamAlignment.Model.csproj", "{C748076A-8016-45FD-AC48-20E942B3FC7B}"
EndProject
Project("{9A19103F-16F7-4668-BE54-9A1E7A4F7556}") = "TeamAlignment.UI", "src\TeamAlignment.UI\TeamAlignment.UI.csproj", "{D9E53683-2BA9-4396-98C3-C88D0B77FCC5}"
EndProject
Project("{2150E333-8FDC-42A3-9474-1A3956D46DE8}") = "src", "src", "{CD7AA401-6A20-47DA-9E36-1D4C31DE3AE0}"
EndProject
Project("{2150E333-8FDC-42A3-9474-1A3956D46DE8}") = "build", "build", "{90A57695-230E-4FBF-B2C7-CED46B8F11A8}"
EndProject
Project("{2150E333-8FDC-42A3-9474-1A3956D46DE8}") = "test", "test", "{9AD082BE-2F02-4BAA-88E4-BABB2E85B5E5}"
EndProject
Project("{2150E333-8FDC-42A3-9474-1A3956D46DE8}") = "docs", "docs", "{AC3658FC-6222-4712-B8A2-1240E8358FD0}"
EndProject
Project("{2150E333-8FDC-42A3-9474-1A3956D46DE8}") = "services", "services", "{C3BDFB2D-3C72-466A-B5B9-737024E8AE8A}"
EndProject
Project("{9A19103F-16F7-4668-BE54-9A1E7A4F7556}") = "Notification", "src\Services\Notification\Notification.csproj", "{50416B80-3CD0-4BAD-9AE0-6DEA5FD836D7}"
EndProject
Project("{2150E333-8FDC-42A3-9474-1A3956D46DE8}") = "Webhooks", "Webhooks", "{B5011FDF-6051-441F-915E-F66366E8F9E6}"
EndProject
Project("{00D1A9C2-B5F0-4AF3-8072-F6C62B433612}") = "Webhooks.Database", "src\Services\Webhooks\Webhooks.Database\Webhooks.Database.sqlproj", "{3D4670B7-CA12-43AA-BB5A-A032CF9D9A22}"
EndProject
Project("{9A19103F-16F7-4668-BE54-9A1E7A4F7556}") = "Webhooks.API", "src\Services\Webhooks\Webhooks.API\Webhooks.API.csproj", "{3EAE63DA-1584-4D3D-9D54-4793F88D1F84}"
EndProject
Project("{9A19103F-16F7-4668-BE54-9A1E7A4F7556}") = "Rss", "src\Services\Rss\Rss.csproj", "{7220BCBF-8DB7-4473-9E42-C19F2A1C9C06}"
EndProject
Global
	GlobalSection(SolutionConfigurationPlatforms) = preSolution
		Debug|Any CPU = Debug|Any CPU
		Release|Any CPU = Release|Any CPU
	EndGlobalSection
	GlobalSection(ProjectConfigurationPlatforms) = postSolution
		{9AB7BB4B-C24D-46E1-8198-4E3264482E5C}.Debug|Any CPU.ActiveCfg = Debug|Any CPU
		{9AB7BB4B-C24D-46E1-8198-4E3264482E5C}.Debug|Any CPU.Build.0 = Debug|Any CPU
		{9AB7BB4B-C24D-46E1-8198-4E3264482E5C}.Release|Any CPU.ActiveCfg = Release|Any CPU
		{9AB7BB4B-C24D-46E1-8198-4E3264482E5C}.Release|Any CPU.Build.0 = Release|Any CPU
		{BC8F493C-452E-4039-AEA2-5BD15C3FC8A5}.Debug|Any CPU.ActiveCfg = Debug|Any CPU
		{BC8F493C-452E-4039-AEA2-5BD15C3FC8A5}.Debug|Any CPU.Build.0 = Debug|Any CPU
		{BC8F493C-452E-4039-AEA2-5BD15C3FC8A5}.Debug|Any CPU.Deploy.0 = Debug|Any CPU
		{BC8F493C-452E-4039-AEA2-5BD15C3FC8A5}.Release|Any CPU.ActiveCfg = Release|Any CPU
		{BC8F493C-452E-4039-AEA2-5BD15C3FC8A5}.Release|Any CPU.Build.0 = Release|Any CPU
		{BC8F493C-452E-4039-AEA2-5BD15C3FC8A5}.Release|Any CPU.Deploy.0 = Release|Any CPU
		{C748076A-8016-45FD-AC48-20E942B3FC7B}.Debug|Any CPU.ActiveCfg = Debug|Any CPU
		{C748076A-8016-45FD-AC48-20E942B3FC7B}.Debug|Any CPU.Build.0 = Debug|Any CPU
		{C748076A-8016-45FD-AC48-20E942B3FC7B}.Release|Any CPU.ActiveCfg = Release|Any CPU
		{C748076A-8016-45FD-AC48-20E942B3FC7B}.Release|Any CPU.Build.0 = Release|Any CPU
		{D9E53683-2BA9-4396-98C3-C88D0B77FCC5}.Debug|Any CPU.ActiveCfg = Debug|Any CPU
		{D9E53683-2BA9-4396-98C3-C88D0B77FCC5}.Debug|Any CPU.Build.0 = Debug|Any CPU
		{D9E53683-2BA9-4396-98C3-C88D0B77FCC5}.Release|Any CPU.ActiveCfg = Release|Any CPU
		{D9E53683-2BA9-4396-98C3-C88D0B77FCC5}.Release|Any CPU.Build.0 = Release|Any CPU
		{50416B80-3CD0-4BAD-9AE0-6DEA5FD836D7}.Debug|Any CPU.ActiveCfg = Debug|Any CPU
		{50416B80-3CD0-4BAD-9AE0-6DEA5FD836D7}.Debug|Any CPU.Build.0 = Debug|Any CPU
		{50416B80-3CD0-4BAD-9AE0-6DEA5FD836D7}.Release|Any CPU.ActiveCfg = Release|Any CPU
		{50416B80-3CD0-4BAD-9AE0-6DEA5FD836D7}.Release|Any CPU.Build.0 = Release|Any CPU
		{3D4670B7-CA12-43AA-BB5A-A032CF9D9A22}.Debug|Any CPU.ActiveCfg = Debug|Any CPU
		{3D4670B7-CA12-43AA-BB5A-A032CF9D9A22}.Debug|Any CPU.Build.0 = Debug|Any CPU
		{3D4670B7-CA12-43AA-BB5A-A032CF9D9A22}.Debug|Any CPU.Deploy.0 = Debug|Any CPU
		{3D4670B7-CA12-43AA-BB5A-A032CF9D9A22}.Release|Any CPU.ActiveCfg = Release|Any CPU
		{3D4670B7-CA12-43AA-BB5A-A032CF9D9A22}.Release|Any CPU.Build.0 = Release|Any CPU
		{3D4670B7-CA12-43AA-BB5A-A032CF9D9A22}.Release|Any CPU.Deploy.0 = Release|Any CPU
		{3EAE63DA-1584-4D3D-9D54-4793F88D1F84}.Debug|Any CPU.ActiveCfg = Debug|Any CPU
		{3EAE63DA-1584-4D3D-9D54-4793F88D1F84}.Debug|Any CPU.Build.0 = Debug|Any CPU
		{3EAE63DA-1584-4D3D-9D54-4793F88D1F84}.Release|Any CPU.ActiveCfg = Release|Any CPU
		{3EAE63DA-1584-4D3D-9D54-4793F88D1F84}.Release|Any CPU.Build.0 = Release|Any CPU
		{7220BCBF-8DB7-4473-9E42-C19F2A1C9C06}.Debug|Any CPU.ActiveCfg = Debug|Any CPU
		{7220BCBF-8DB7-4473-9E42-C19F2A1C9C06}.Debug|Any CPU.Build.0 = Debug|Any CPU
		{7220BCBF-8DB7-4473-9E42-C19F2A1C9C06}.Release|Any CPU.ActiveCfg = Release|Any CPU
		{7220BCBF-8DB7-4473-9E42-C19F2A1C9C06}.Release|Any CPU.Build.0 = Release|Any CPU
	EndGlobalSection
	GlobalSection(SolutionProperties) = preSolution
		HideSolutionNode = FALSE
	EndGlobalSection
	GlobalSection(NestedProjects) = preSolution
		{9AB7BB4B-C24D-46E1-8198-4E3264482E5C} = {CD7AA401-6A20-47DA-9E36-1D4C31DE3AE0}
		{BC8F493C-452E-4039-AEA2-5BD15C3FC8A5} = {CD7AA401-6A20-47DA-9E36-1D4C31DE3AE0}
		{C748076A-8016-45FD-AC48-20E942B3FC7B} = {CD7AA401-6A20-47DA-9E36-1D4C31DE3AE0}
		{D9E53683-2BA9-4396-98C3-C88D0B77FCC5} = {CD7AA401-6A20-47DA-9E36-1D4C31DE3AE0}
		{C3BDFB2D-3C72-466A-B5B9-737024E8AE8A} = {CD7AA401-6A20-47DA-9E36-1D4C31DE3AE0}
		{50416B80-3CD0-4BAD-9AE0-6DEA5FD836D7} = {C3BDFB2D-3C72-466A-B5B9-737024E8AE8A}
		{B5011FDF-6051-441F-915E-F66366E8F9E6} = {C3BDFB2D-3C72-466A-B5B9-737024E8AE8A}
		{3D4670B7-CA12-43AA-BB5A-A032CF9D9A22} = {B5011FDF-6051-441F-915E-F66366E8F9E6}
		{3EAE63DA-1584-4D3D-9D54-4793F88D1F84} = {B5011FDF-6051-441F-915E-F66366E8F9E6}
		{7220BCBF-8DB7-4473-9E42-C19F2A1C9C06} = {C3BDFB2D-3C72-466A-B5B9-737024E8AE8A}
	EndGlobalSection
	GlobalSection(ExtensibilityGlobals) = postSolution
		SolutionGuid = {098ED8A9-C1FF-4456-8065-35E3B92CB7D4}
	EndGlobalSection
EndGlobal
