
Microsoft Visual Studio Solution File, Format Version 12.00
# Visual Studio Version 16
VisualStudioVersion = 16.0.31702.278
MinimumVisualStudioVersion = 10.0.40219.1
Project("{9A19103F-16F7-4668-BE54-9A1E7A4F7556}") = "ConfigurationManager", "ConfigurationManager.csproj", "{31A4ED5A-3C1A-498A-BA39-725131D0EEE2}"
EndProject
Global
	GlobalSection(SolutionConfigurationPlatforms) = preSolution
		Debug|Any CPU = Debug|Any CPU
		Release|Any CPU = Release|Any CPU
	EndGlobalSection
	GlobalSection(ProjectConfigurationPlatforms) = postSolution
		{31A4ED5A-3C1A-498A-BA39-725131D0EEE2}.Debug|Any CPU.ActiveCfg = Debug|Any CPU
		{31A4ED5A-3C1A-498A-BA39-725131D0EEE2}.Debug|Any CPU.Build.0 = Debug|Any CPU
		{31A4ED5A-3C1A-498A-BA39-725131D0EEE2}.Release|Any CPU.ActiveCfg = Release|Any CPU
		{31A4ED5A-3C1A-498A-BA39-725131D0EEE2}.Release|Any CPU.Build.0 = Release|Any CPU
	EndGlobalSection
	GlobalSection(SolutionProperties) = preSolution
		HideSolutionNode = FALSE
	EndGlobalSection
	GlobalSection(ExtensibilityGlobals) = postSolution
		SolutionGuid = {811ED798-A8E3-4138-96DD-980980C0A533}
	EndGlobalSection
EndGlobal
