
Microsoft Visual Studio Solution File, Format Version 12.00
# Visual Studio Version 17
VisualStudioVersion = 17.1.32407.343
MinimumVisualStudioVersion = 10.0.40219.1
Project("{9A19103F-16F7-4668-BE54-9A1E7A4F7556}") = "DependencyTester", "src\DependencyTester\DependencyTester.csproj", "{7B42C875-C9CE-446B-8675-69E07DE57F7C}"
EndProject
Project("{9A19103F-16F7-4668-BE54-9A1E7A4F7556}") = "OctopusBackup", "src\OctopusBackup\OctopusBackup.csproj", "{D294AD06-6D5E-4C84-8B86-DD49A72474AF}"
EndProject
Project("{2150E333-8FDC-42A3-9474-1A3956D46DE8}") = "Libraries", "Libraries", "{2A54E36A-9C75-4A5E-BE49-F6609643AF3A}"
EndProject
Project("{9A19103F-16F7-4668-BE54-9A1E7A4F7556}") = "IntegrationConnectors.Octopus", "..\IntegrationConnectors\src\IntegrationConnectors.Octopus\IntegrationConnectors.Octopus.csproj", "{1648AE0F-67D2-4AF3-A7BE-373927316433}"
EndProject
Project("{9A19103F-16F7-4668-BE54-9A1E7A4F7556}") = "IntegrationConnectors.Common", "..\IntegrationConnectors\src\IntegrationConnectors.Common\IntegrationConnectors.Common.csproj", "{A71D8EA2-D026-472F-A851-CE4F6FCB7683}"
EndProject
Project("{9A19103F-16F7-4668-BE54-9A1E7A4F7556}") = "OctopusCertificateReferenceFinder", "src\OctopusCertificateReferenceFinder\OctopusCertificateReferenceFinder.csproj", "{41DB617A-081F-496E-9DDB-93948488FD21}"
EndProject
Project("{9A19103F-16F7-4668-BE54-9A1E7A4F7556}") = "JiraReporting", "src\JiraReporting\JiraReporting.csproj", "{EB5D47D5-6702-4EC0-A1E3-CD48A16C1ECE}"
EndProject
Project("{2150E333-8FDC-42A3-9474-1A3956D46DE8}") = "Solution Items", "Solution Items", "{16F9BA96-0BC1-4D3F-91AF-0D096BDCD174}"
EndProject
Project("{9A19103F-16F7-4668-BE54-9A1E7A4F7556}") = "NetworkCapture", "src\NetworkCapture\NetworkCapture.csproj", "{9F260947-AAD2-443E-851E-B7CE5305F7C2}"
EndProject
Project("{9A19103F-16F7-4668-BE54-9A1E7A4F7556}") = "ConfigurationManager", "src\ConfigurationManager\ConfigurationManager.csproj", "{1739538F-13A5-4A49-A769-77372251E133}"
EndProject
Project("{9A19103F-16F7-4668-BE54-9A1E7A4F7556}") = "IntegrationConnectors.Confluence", "..\IntegrationConnectors\src\IntegrationConnectors.Confluence\IntegrationConnectors.Confluence.csproj", "{6410BDA1-C8E2-4E69-8C95-57D4109772D7}"
EndProject
Project("{9A19103F-16F7-4668-BE54-9A1E7A4F7556}") = "ConfluenceKB", "src\ConfluenceKB\ConfluenceKB.csproj", "{16B2246B-5904-4A78-AC8F-7F3007DA3CCD}"
EndProject
Project("{9A19103F-16F7-4668-BE54-9A1E7A4F7556}") = "IntegrationConnectors.JIRA", "..\IntegrationConnectors\src\IntegrationConnectors.JIRA\IntegrationConnectors.JIRA.csproj", "{94B2ACBB-2E5E-45C2-96F6-48913DD85087}"
EndProject
Project("{9A19103F-16F7-4668-BE54-9A1E7A4F7556}") = "ConnectionDropOutTester", "ConnectionDropOutTester\ConnectionDropOutTester.csproj", "{7B4A28A7-2A77-43CD-947C-64C6D67D669F}"
EndProject
Project("{9A19103F-16F7-4668-BE54-9A1E7A4F7556}") = "IntegrationConnectors.TeamCity", "..\IntegrationConnectors\src\IntegrationConnectors.TeamCity\IntegrationConnectors.TeamCity.csproj", "{AF002909-64E4-4B0E-8483-4FA120D697E8}"
EndProject
Project("{FAE04EC0-301F-11D3-BF4B-00C04F79EFBC}") = "TeamCityHelper", "src\TeamCityHelper\TeamCityHelper.csproj", "{9CB92EB8-F87F-4502-B848-3C44073F3EA0}"
EndProject
Global
	GlobalSection(SolutionConfigurationPlatforms) = preSolution
		Debug|Any CPU = Debug|Any CPU
		Release|Any CPU = Release|Any CPU
	EndGlobalSection
	GlobalSection(ProjectConfigurationPlatforms) = postSolution
		{7B42C875-C9CE-446B-8675-69E07DE57F7C}.Debug|Any CPU.ActiveCfg = Debug|Any CPU
		{7B42C875-C9CE-446B-8675-69E07DE57F7C}.Debug|Any CPU.Build.0 = Debug|Any CPU
		{7B42C875-C9CE-446B-8675-69E07DE57F7C}.Release|Any CPU.ActiveCfg = Release|Any CPU
		{7B42C875-C9CE-446B-8675-69E07DE57F7C}.Release|Any CPU.Build.0 = Release|Any CPU
		{D294AD06-6D5E-4C84-8B86-DD49A72474AF}.Debug|Any CPU.ActiveCfg = Debug|Any CPU
		{D294AD06-6D5E-4C84-8B86-DD49A72474AF}.Debug|Any CPU.Build.0 = Debug|Any CPU
		{D294AD06-6D5E-4C84-8B86-DD49A72474AF}.Release|Any CPU.ActiveCfg = Release|Any CPU
		{D294AD06-6D5E-4C84-8B86-DD49A72474AF}.Release|Any CPU.Build.0 = Release|Any CPU
		{1648AE0F-67D2-4AF3-A7BE-373927316433}.Debug|Any CPU.ActiveCfg = Debug|Any CPU
		{1648AE0F-67D2-4AF3-A7BE-373927316433}.Debug|Any CPU.Build.0 = Debug|Any CPU
		{1648AE0F-67D2-4AF3-A7BE-373927316433}.Release|Any CPU.ActiveCfg = Release|Any CPU
		{1648AE0F-67D2-4AF3-A7BE-373927316433}.Release|Any CPU.Build.0 = Release|Any CPU
		{A71D8EA2-D026-472F-A851-CE4F6FCB7683}.Debug|Any CPU.ActiveCfg = Debug|Any CPU
		{A71D8EA2-D026-472F-A851-CE4F6FCB7683}.Debug|Any CPU.Build.0 = Debug|Any CPU
		{A71D8EA2-D026-472F-A851-CE4F6FCB7683}.Release|Any CPU.ActiveCfg = Release|Any CPU
		{A71D8EA2-D026-472F-A851-CE4F6FCB7683}.Release|Any CPU.Build.0 = Release|Any CPU
		{41DB617A-081F-496E-9DDB-93948488FD21}.Debug|Any CPU.ActiveCfg = Debug|Any CPU
		{41DB617A-081F-496E-9DDB-93948488FD21}.Debug|Any CPU.Build.0 = Debug|Any CPU
		{41DB617A-081F-496E-9DDB-93948488FD21}.Release|Any CPU.ActiveCfg = Release|Any CPU
		{41DB617A-081F-496E-9DDB-93948488FD21}.Release|Any CPU.Build.0 = Release|Any CPU
		{EB5D47D5-6702-4EC0-A1E3-CD48A16C1ECE}.Debug|Any CPU.ActiveCfg = Debug|Any CPU
		{EB5D47D5-6702-4EC0-A1E3-CD48A16C1ECE}.Debug|Any CPU.Build.0 = Debug|Any CPU
		{EB5D47D5-6702-4EC0-A1E3-CD48A16C1ECE}.Release|Any CPU.ActiveCfg = Release|Any CPU
		{EB5D47D5-6702-4EC0-A1E3-CD48A16C1ECE}.Release|Any CPU.Build.0 = Release|Any CPU
		{9F260947-AAD2-443E-851E-B7CE5305F7C2}.Debug|Any CPU.ActiveCfg = Debug|Any CPU
		{9F260947-AAD2-443E-851E-B7CE5305F7C2}.Debug|Any CPU.Build.0 = Debug|Any CPU
		{9F260947-AAD2-443E-851E-B7CE5305F7C2}.Release|Any CPU.ActiveCfg = Release|Any CPU
		{9F260947-AAD2-443E-851E-B7CE5305F7C2}.Release|Any CPU.Build.0 = Release|Any CPU
		{1739538F-13A5-4A49-A769-77372251E133}.Debug|Any CPU.ActiveCfg = Debug|Any CPU
		{1739538F-13A5-4A49-A769-77372251E133}.Debug|Any CPU.Build.0 = Debug|Any CPU
		{1739538F-13A5-4A49-A769-77372251E133}.Release|Any CPU.ActiveCfg = Release|Any CPU
		{1739538F-13A5-4A49-A769-77372251E133}.Release|Any CPU.Build.0 = Release|Any CPU
		{6410BDA1-C8E2-4E69-8C95-57D4109772D7}.Debug|Any CPU.ActiveCfg = Debug|Any CPU
		{6410BDA1-C8E2-4E69-8C95-57D4109772D7}.Debug|Any CPU.Build.0 = Debug|Any CPU
		{6410BDA1-C8E2-4E69-8C95-57D4109772D7}.Release|Any CPU.ActiveCfg = Release|Any CPU
		{6410BDA1-C8E2-4E69-8C95-57D4109772D7}.Release|Any CPU.Build.0 = Release|Any CPU
		{16B2246B-5904-4A78-AC8F-7F3007DA3CCD}.Debug|Any CPU.ActiveCfg = Debug|Any CPU
		{16B2246B-5904-4A78-AC8F-7F3007DA3CCD}.Debug|Any CPU.Build.0 = Debug|Any CPU
		{16B2246B-5904-4A78-AC8F-7F3007DA3CCD}.Release|Any CPU.ActiveCfg = Release|Any CPU
		{16B2246B-5904-4A78-AC8F-7F3007DA3CCD}.Release|Any CPU.Build.0 = Release|Any CPU
		{94B2ACBB-2E5E-45C2-96F6-48913DD85087}.Debug|Any CPU.ActiveCfg = Debug|Any CPU
		{94B2ACBB-2E5E-45C2-96F6-48913DD85087}.Debug|Any CPU.Build.0 = Debug|Any CPU
		{94B2ACBB-2E5E-45C2-96F6-48913DD85087}.Release|Any CPU.ActiveCfg = Release|Any CPU
		{94B2ACBB-2E5E-45C2-96F6-48913DD85087}.Release|Any CPU.Build.0 = Release|Any CPU
		{7B4A28A7-2A77-43CD-947C-64C6D67D669F}.Debug|Any CPU.ActiveCfg = Debug|Any CPU
		{7B4A28A7-2A77-43CD-947C-64C6D67D669F}.Debug|Any CPU.Build.0 = Debug|Any CPU
		{7B4A28A7-2A77-43CD-947C-64C6D67D669F}.Release|Any CPU.ActiveCfg = Release|Any CPU
		{7B4A28A7-2A77-43CD-947C-64C6D67D669F}.Release|Any CPU.Build.0 = Release|Any CPU
		{AF002909-64E4-4B0E-8483-4FA120D697E8}.Debug|Any CPU.ActiveCfg = Debug|Any CPU
		{AF002909-64E4-4B0E-8483-4FA120D697E8}.Debug|Any CPU.Build.0 = Debug|Any CPU
		{AF002909-64E4-4B0E-8483-4FA120D697E8}.Release|Any CPU.ActiveCfg = Release|Any CPU
		{AF002909-64E4-4B0E-8483-4FA120D697E8}.Release|Any CPU.Build.0 = Release|Any CPU
		{9CB92EB8-F87F-4502-B848-3C44073F3EA0}.Debug|Any CPU.ActiveCfg = Debug|Any CPU
		{9CB92EB8-F87F-4502-B848-3C44073F3EA0}.Debug|Any CPU.Build.0 = Debug|Any CPU
		{9CB92EB8-F87F-4502-B848-3C44073F3EA0}.Release|Any CPU.ActiveCfg = Release|Any CPU
		{9CB92EB8-F87F-4502-B848-3C44073F3EA0}.Release|Any CPU.Build.0 = Release|Any CPU
	EndGlobalSection
	GlobalSection(SolutionProperties) = preSolution
		HideSolutionNode = FALSE
	EndGlobalSection
	GlobalSection(NestedProjects) = preSolution
		{1648AE0F-67D2-4AF3-A7BE-373927316433} = {2A54E36A-9C75-4A5E-BE49-F6609643AF3A}
		{A71D8EA2-D026-472F-A851-CE4F6FCB7683} = {2A54E36A-9C75-4A5E-BE49-F6609643AF3A}
		{6410BDA1-C8E2-4E69-8C95-57D4109772D7} = {2A54E36A-9C75-4A5E-BE49-F6609643AF3A}
		{94B2ACBB-2E5E-45C2-96F6-48913DD85087} = {2A54E36A-9C75-4A5E-BE49-F6609643AF3A}
		{AF002909-64E4-4B0E-8483-4FA120D697E8} = {2A54E36A-9C75-4A5E-BE49-F6609643AF3A}
	EndGlobalSection
	GlobalSection(ExtensibilityGlobals) = postSolution
		SolutionGuid = {5B7415CA-4F0A-426D-8452-EDF306CA90E3}
	EndGlobalSection
EndGlobal
